// !$*UTF8*$!
{
	archiveVersion = 1;
	classes = {
	};
	objectVersion = 46;
	objects = {

/* Begin PBXBuildFile section */
		18B1FEBC19962E9300753A9B /* libcurl.4.dylib in Frameworks */ = {isa = PBXBuildFile; fileRef = 18B1FEBB19962E9300753A9B /* libcurl.4.dylib */; };
		18B1FECB19962EAF00753A9B /* main.cpp in Sources */ = {isa = PBXBuildFile; fileRef = 18B1FEBD19962EAF00753A9B /* main.cpp */; };
		18B1FECC19962EAF00753A9B /* Makefile in Sources */ = {isa = PBXBuildFile; fileRef = 18B1FEBE19962EAF00753A9B /* Makefile */; };
/* End PBXBuildFile section */

/* Begin PBXCopyFilesBuildPhase section */
		18B1FEAD19962E5C00753A9B /* CopyFiles */ = {
			isa = PBXCopyFilesBuildPhase;
			buildActionMask = 2147483647;
			dstPath = /usr/share/man/man1/;
			dstSubfolderSpec = 0;
			files = (
			);
			runOnlyForDeploymentPostprocessing = 1;
		};
/* End PBXCopyFilesBuildPhase section */

/* Begin PBXFileReference section */
		18B1FEAF19962E5C00753A9B /* PathToExile2 */ = {isa = PBXFileReference; explicitFileType = "compiled.mach-o.executable"; includeInIndex = 0; path = PathToExile2; sourceTree = BUILT_PRODUCTS_DIR; };
		18B1FEBB19962E9300753A9B /* libcurl.4.dylib */ = {isa = PBXFileReference; lastKnownFileType = "compiled.mach-o.dylib"; path = libcurl.4.dylib; sourceTree = "<group>"; };
		18B1FEBD19962EAF00753A9B /* main.cpp */ = {isa = PBXFileReference; fileEncoding = 4; lastKnownFileType = sourcecode.cpp.cpp; path = main.cpp; sourceTree = "<group>"; };
		18B1FEBE19962EAF00753A9B /* Makefile */ = {isa = PBXFileReference; fileEncoding = 4; lastKnownFileType = sourcecode.make; path = Makefile; sourceTree = "<group>"; };
		18B1FEC019962EAF00753A9B /* document.h */ = {isa = PBXFileReference; fileEncoding = 4; lastKnownFileType = sourcecode.c.h; path = document.h; sourceTree = "<group>"; };
		18B1FEC119962EAF00753A9B /* filestream.h */ = {isa = PBXFileReference; fileEncoding = 4; lastKnownFileType = sourcecode.c.h; path = filestream.h; sourceTree = "<group>"; };
		18B1FEC319962EAF00753A9B /* pow10.h */ = {isa = PBXFileReference; fileEncoding = 4; lastKnownFileType = sourcecode.c.h; path = pow10.h; sourceTree = "<group>"; };
		18B1FEC419962EAF00753A9B /* stack.h */ = {isa = PBXFileReference; fileEncoding = 4; lastKnownFileType = sourcecode.c.h; path = stack.h; sourceTree = "<group>"; };
		18B1FEC519962EAF00753A9B /* strfunc.h */ = {isa = PBXFileReference; fileEncoding = 4; lastKnownFileType = sourcecode.c.h; path = strfunc.h; sourceTree = "<group>"; };
		18B1FEC619962EAF00753A9B /* prettywriter.h */ = {isa = PBXFileReference; fileEncoding = 4; lastKnownFileType = sourcecode.c.h; path = prettywriter.h; sourceTree = "<group>"; };
		18B1FEC719962EAF00753A9B /* rapidjson.h */ = {isa = PBXFileReference; fileEncoding = 4; lastKnownFileType = sourcecode.c.h; path = rapidjson.h; sourceTree = "<group>"; };
		18B1FEC819962EAF00753A9B /* reader.h */ = {isa = PBXFileReference; fileEncoding = 4; lastKnownFileType = sourcecode.c.h; path = reader.h; sourceTree = "<group>"; };
		18B1FEC919962EAF00753A9B /* stringbuffer.h */ = {isa = PBXFileReference; fileEncoding = 4; lastKnownFileType = sourcecode.c.h; path = stringbuffer.h; sourceTree = "<group>"; };
		18B1FECA19962EAF00753A9B /* writer.h */ = {isa = PBXFileReference; fileEncoding = 4; lastKnownFileType = sourcecode.c.h; path = writer.h; sourceTree = "<group>"; };
/* End PBXFileReference section */

/* Begin PBXFrameworksBuildPhase section */
		18B1FEAC19962E5C00753A9B /* Frameworks */ = {
			isa = PBXFrameworksBuildPhase;
			buildActionMask = 2147483647;
			files = (
				18B1FEBC19962E9300753A9B /* libcurl.4.dylib in Frameworks */,
			);
			runOnlyForDeploymentPostprocessing = 0;
		};
/* End PBXFrameworksBuildPhase section */

/* Begin PBXGroup section */
		18B1FEA619962E5C00753A9B = {
			isa = PBXGroup;
			children = (
				18B1FEBD19962EAF00753A9B /* main.cpp */,
				18B1FEBE19962EAF00753A9B /* Makefile */,
				18B1FEBF19962EAF00753A9B /* rapidjson */,
				18B1FEB019962E5C00753A9B /* Products */,
				18B1FEBB19962E9300753A9B /* libcurl.4.dylib */,
			);
			sourceTree = "<group>";
		};
		18B1FEB019962E5C00753A9B /* Products */ = {
			isa = PBXGroup;
			children = (
				18B1FEAF19962E5C00753A9B /* PathToExile2 */,
			);
			name = Products;
			sourceTree = "<group>";
		};
		18B1FEBF19962EAF00753A9B /* rapidjson */ = {
			isa = PBXGroup;
			children = (
				18B1FEC019962EAF00753A9B /* document.h */,
				18B1FEC119962EAF00753A9B /* filestream.h */,
				18B1FEC219962EAF00753A9B /* internal */,
				18B1FEC619962EAF00753A9B /* prettywriter.h */,
				18B1FEC719962EAF00753A9B /* rapidjson.h */,
				18B1FEC819962EAF00753A9B /* reader.h */,
				18B1FEC919962EAF00753A9B /* stringbuffer.h */,
				18B1FECA19962EAF00753A9B /* writer.h */,
			);
			path = rapidjson;
			sourceTree = "<group>";
		};
		18B1FEC219962EAF00753A9B /* internal */ = {
			isa = PBXGroup;
			children = (
				18B1FEC319962EAF00753A9B /* pow10.h */,
				18B1FEC419962EAF00753A9B /* stack.h */,
				18B1FEC519962EAF00753A9B /* strfunc.h */,
			);
			path = internal;
			sourceTree = "<group>";
		};
/* End PBXGroup section */

/* Begin PBXNativeTarget section */
		18B1FEAE19962E5C00753A9B /* PathToExile2 */ = {
			isa = PBXNativeTarget;
			buildConfigurationList = 18B1FEB819962E5C00753A9B /* Build configuration list for PBXNativeTarget "PathToExile2" */;
			buildPhases = (
				18B1FEAB19962E5C00753A9B /* Sources */,
				18B1FEAC19962E5C00753A9B /* Frameworks */,
				18B1FEAD19962E5C00753A9B /* CopyFiles */,
			);
			buildRules = (
			);
			dependencies = (
			);
			name = PathToExile2;
			productName = PathToExile2;
			productReference = 18B1FEAF19962E5C00753A9B /* PathToExile2 */;
			productType = "com.apple.product-type.tool";
		};
/* End PBXNativeTarget section */

/* Begin PBXProject section */
		18B1FEA719962E5C00753A9B /* Project object */ = {
			isa = PBXProject;
			attributes = {
				LastUpgradeCheck = 0510;
				ORGANIZATIONNAME = "VIOTHUN INC";
			};
			buildConfigurationList = 18B1FEAA19962E5C00753A9B /* Build configuration list for PBXProject "PathToExile2" */;
			compatibilityVersion = "Xcode 3.2";
			developmentRegion = English;
			hasScannedForEncodings = 0;
			knownRegions = (
				en,
			);
			mainGroup = 18B1FEA619962E5C00753A9B;
			productRefGroup = 18B1FEB019962E5C00753A9B /* Products */;
			projectDirPath = "";
			projectRoot = "";
			targets = (
				18B1FEAE19962E5C00753A9B /* PathToExile2 */,
			);
		};
/* End PBXProject section */

/* Begin PBXSourcesBuildPhase section */
		18B1FEAB19962E5C00753A9B /* Sources */ = {
			isa = PBXSourcesBuildPhase;
			buildActionMask = 2147483647;
			files = (
				18B1FECC19962EAF00753A9B /* Makefile in Sources */,
				18B1FECB19962EAF00753A9B /* main.cpp in Sources */,
			);
			runOnlyForDeploymentPostprocessing = 0;
		};
/* End PBXSourcesBuildPhase section */

/* Begin XCBuildConfiguration section */
		18B1FEB619962E5C00753A9B /* Debug */ = {
			isa = XCBuildConfiguration;
			buildSettings = {
				ALWAYS_SEARCH_USER_PATHS = NO;
				CLANG_CXX_LANGUAGE_STANDARD = "gnu++0x";
				CLANG_CXX_LIBRARY = "libc++";
				CLANG_ENABLE_MODULES = YES;
				CLANG_ENABLE_OBJC_ARC = YES;
				CLANG_WARN_BOOL_CONVERSION = YES;
				CLANG_WARN_CONSTANT_CONVERSION = YES;
				CLANG_WARN_DIRECT_OBJC_ISA_USAGE = YES_ERROR;
				CLANG_WARN_EMPTY_BODY = YES;
				CLANG_WARN_ENUM_CONVERSION = YES;
				CLANG_WARN_INT_CONVERSION = YES;
				CLANG_WARN_OBJC_ROOT_CLASS = YES_ERROR;
				CLANG_WARN__DUPLICATE_METHOD_MATCH = YES;
				COPY_PHASE_STRIP = NO;
				GCC_C_LANGUAGE_STANDARD = gnu99;
				GCC_DYNAMIC_NO_PIC = NO;
				GCC_ENABLE_OBJC_EXCEPTIONS = YES;
				GCC_OPTIMIZATION_LEVEL = 0;
				GCC_PREPROCESSOR_DEFINITIONS = (
					"DEBUG=1",
					"$(inherited)",
				);
				GCC_SYMBOLS_PRIVATE_EXTERN = NO;
				GCC_WARN_64_TO_32_BIT_CONVERSION = YES;
				GCC_WARN_ABOUT_RETURN_TYPE = YES_ERROR;
				GCC_WARN_UNDECLARED_SELECTOR = YES;
				GCC_WARN_UNINITIALIZED_AUTOS = YES_AGGRESSIVE;
				GCC_WARN_UNUSED_FUNCTION = YES;
				GCC_WARN_UNUSED_VARIABLE = YES;
				MACOSX_DEPLOYMENT_TARGET = 10.9;
				ONLY_ACTIVE_ARCH = YES;
				SDKROOT = macosx;
			};
			name = Debug;
		};
		18B1FEB719962E5C00753A9B /* Release */ = {
			isa = XCBuildConfiguration;
			buildSettings = {
				ALWAYS_SEARCH_USER_PATHS = NO;
				CLANG_CXX_LANGUAGE_STANDARD = "gnu++0x";
				CLANG_CXX_LIBRARY = "libc++";
				CLANG_ENABLE_MODULES = YES;
				CLANG_ENABLE_OBJC_ARC = YES;
				CLANG_WARN_BOOL_CONVERSION = YES;
				CLANG_WARN_CONSTANT_CONVERSION = YES;
				CLANG_WARN_DIRECT_OBJC_ISA_USAGE = YES_ERROR;
				CLANG_WARN_EMPTY_BODY = YES;
				CLANG_WARN_ENUM_CONVERSION = YES;
				CLANG_WARN_INT_CONVERSION = YES;
				CLANG_WARN_OBJC_ROOT_CLASS = YES_ERROR;
				CLANG_WARN__DUPLICATE_METHOD_MATCH = YES;
				COPY_PHASE_STRIP = YES;
				DEBUG_INFORMATION_FORMAT = "dwarf-with-dsym";
				ENABLE_NS_ASSERTIONS = NO;
				GCC_C_LANGUAGE_STANDARD = gnu99;
				GCC_ENABLE_OBJC_EXCEPTIONS = YES;
				GCC_WARN_64_TO_32_BIT_CONVERSION = YES;
				GCC_WARN_ABOUT_RETURN_TYPE = YES_ERROR;
				GCC_WARN_UNDECLARED_SELECTOR = YES;
				GCC_WARN_UNINITIALIZED_AUTOS = YES_AGGRESSIVE;
				GCC_WARN_UNUSED_FUNCTION = YES;
				GCC_WARN_UNUSED_VARIABLE = YES;
				MACOSX_DEPLOYMENT_TARGET = 10.9;
				SDKROOT = macosx;
			};
			name = Release;
		};
		18B1FEB919962E5C00753A9B /* Debug */ = {
			isa = XCBuildConfiguration;
			buildSettings = {
				LIBRARY_SEARCH_PATHS = (
					"$(inherited)",
					"$(PROJECT_DIR)",
				);
				PRODUCT_NAME = "$(TARGET_NAME)";
			};
			name = Debug;
		};
		18B1FEBA19962E5C00753A9B /* Release */ = {
			isa = XCBuildConfiguration;
			buildSettings = {
				LIBRARY_SEARCH_PATHS = (
					"$(inherited)",
					"$(PROJECT_DIR)",
				);
				PRODUCT_NAME = "$(TARGET_NAME)";
			};
			name = Release;
		};
/* End XCBuildConfiguration section */

/* Begin XCConfigurationList section */
		18B1FEAA19962E5C00753A9B /* Build configuration list for PBXProject "PathToExile2" */ = {
			isa = XCConfigurationList;
			buildConfigurations = (
				18B1FEB619962E5C00753A9B /* Debug */,
				18B1FEB719962E5C00753A9B /* Release */,
			);
			defaultConfigurationIsVisible = 0;
			defaultConfigurationName = Release;
		};
		18B1FEB819962E5C00753A9B /* Build configuration list for PBXNativeTarget "PathToExile2" */ = {
			isa = XCConfigurationList;
			buildConfigurations = (
				18B1FEB919962E5C00753A9B /* Debug */,
				18B1FEBA19962E5C00753A9B /* Release */,
			);
			defaultConfigurationIsVisible = 0;
		};
/* End XCConfigurationList section */
	};
	rootObject = 18B1FEA719962E5C00753A9B /* Project object */;
}
